
Microsoft Visual Studio Solution File, Format Version 12.00
# Visual Studio Version 16
VisualStudioVersion = 16.0.29306.81
MinimumVisualStudioVersion = 10.0.40219.1
Project("{FAE04EC0-301F-11D3-BF4B-00C04F79EFBC}") = "BookShelf", "BookShelf\BookShelf.csproj", "{D09CBDCB-41AA-46B0-81DE-F833DE80567A}"
EndProject
Global
	GlobalSection(SolutionConfigurationPlatforms) = preSolution
		Debug|Any CPU = Debug|Any CPU
		Release|Any CPU = Release|Any CPU
	EndGlobalSection
	GlobalSection(ProjectConfigurationPlatforms) = postSolution
		{D09CBDCB-41AA-46B0-81DE-F833DE80567A}.Debug|Any CPU.ActiveCfg = Debug|Any CPU
		{D09CBDCB-41AA-46B0-81DE-F833DE80567A}.Debug|Any CPU.Build.0 = Debug|Any CPU
		{D09CBDCB-41AA-46B0-81DE-F833DE80567A}.Release|Any CPU.ActiveCfg = Release|Any CPU
		{D09CBDCB-41AA-46B0-81DE-F833DE80567A}.Release|Any CPU.Build.0 = Release|Any CPU
	EndGlobalSection
	GlobalSection(SolutionProperties) = preSolution
		HideSolutionNode = FALSE
	EndGlobalSection
	GlobalSection(ExtensibilityGlobals) = postSolution
		SolutionGuid = {119C18C3-203B-43D2-9091-2E5309962024}
	EndGlobalSection
EndGlobal
